
Microsoft Visual Studio Solution File, Format Version 12.00
# Visual Studio Version 17
VisualStudioVersion = 17.9.34728.123
MinimumVisualStudioVersion = 10.0.40219.1
Project("{9A19103F-16F7-4668-BE54-9A1E7A4F7556}") = "EFCore.WebAPI", "EFCore.WebAPI\EFCore.WebAPI.csproj", "{339FB67F-D449-49A7-A9F1-920CBB30B8F5}"
EndProject
Project("{9A19103F-16F7-4668-BE54-9A1E7A4F7556}") = "EFCore.Domain", "EFCore.Domain\EFCore.Domain.csproj", "{4C47AF71-9BCE-4475-9435-9F933216BA4A}"
EndProject
Project("{9A19103F-16F7-4668-BE54-9A1E7A4F7556}") = "EFCore.Infrastructure", "EFCore.Repository\EFCore.Infrastructure.csproj", "{40CE69E7-F1CC-43A7-AAD2-9569A3B196D7}"
EndProject
Project("{FAE04EC0-301F-11D3-BF4B-00C04F79EFBC}") = "EFCore.Application", "Application\EFCore.Application.csproj", "{D9B388FF-EA65-4EA8-B699-29EABA274CB6}"
EndProject
Global
	GlobalSection(SolutionConfigurationPlatforms) = preSolution
		Debug|Any CPU = Debug|Any CPU
		Release|Any CPU = Release|Any CPU
	EndGlobalSection
	GlobalSection(ProjectConfigurationPlatforms) = postSolution
		{339FB67F-D449-49A7-A9F1-920CBB30B8F5}.Debug|Any CPU.ActiveCfg = Debug|Any CPU
		{339FB67F-D449-49A7-A9F1-920CBB30B8F5}.Debug|Any CPU.Build.0 = Debug|Any CPU
		{339FB67F-D449-49A7-A9F1-920CBB30B8F5}.Release|Any CPU.ActiveCfg = Release|Any CPU
		{339FB67F-D449-49A7-A9F1-920CBB30B8F5}.Release|Any CPU.Build.0 = Release|Any CPU
		{4C47AF71-9BCE-4475-9435-9F933216BA4A}.Debug|Any CPU.ActiveCfg = Debug|Any CPU
		{4C47AF71-9BCE-4475-9435-9F933216BA4A}.Debug|Any CPU.Build.0 = Debug|Any CPU
		{4C47AF71-9BCE-4475-9435-9F933216BA4A}.Release|Any CPU.ActiveCfg = Release|Any CPU
		{4C47AF71-9BCE-4475-9435-9F933216BA4A}.Release|Any CPU.Build.0 = Release|Any CPU
		{40CE69E7-F1CC-43A7-AAD2-9569A3B196D7}.Debug|Any CPU.ActiveCfg = Debug|Any CPU
		{40CE69E7-F1CC-43A7-AAD2-9569A3B196D7}.Debug|Any CPU.Build.0 = Debug|Any CPU
		{40CE69E7-F1CC-43A7-AAD2-9569A3B196D7}.Release|Any CPU.ActiveCfg = Release|Any CPU
		{40CE69E7-F1CC-43A7-AAD2-9569A3B196D7}.Release|Any CPU.Build.0 = Release|Any CPU
		{D9B388FF-EA65-4EA8-B699-29EABA274CB6}.Debug|Any CPU.ActiveCfg = Debug|Any CPU
		{D9B388FF-EA65-4EA8-B699-29EABA274CB6}.Debug|Any CPU.Build.0 = Debug|Any CPU
		{D9B388FF-EA65-4EA8-B699-29EABA274CB6}.Release|Any CPU.ActiveCfg = Release|Any CPU
		{D9B388FF-EA65-4EA8-B699-29EABA274CB6}.Release|Any CPU.Build.0 = Release|Any CPU
	EndGlobalSection
	GlobalSection(SolutionProperties) = preSolution
		HideSolutionNode = FALSE
	EndGlobalSection
	GlobalSection(ExtensibilityGlobals) = postSolution
		SolutionGuid = {4030BFBD-5212-48DC-9396-2107847DFBA8}
	EndGlobalSection
EndGlobal
